
Microsoft Visual Studio Solution File, Format Version 12.00
# Visual Studio 2012
Project("{FAE04EC0-301F-11D3-BF4B-00C04F79EFBC}") = "ConsoleApplication", "ConsoleApplication\ConsoleApplication.csproj", "{4E63E803-E406-41B5-8923-FCD2F98D7F0C}"
EndProject
Project("{FAE04EC0-301F-11D3-BF4B-00C04F79EFBC}") = "WebSite", "WebSite\WebSite.csproj", "{3D53B7D1-E6A3-4C91-AC7C-6A0815D8C156}"
EndProject
Global
	GlobalSection(SolutionConfigurationPlatforms) = preSolution
		Debug|Any CPU = Debug|Any CPU
		Release|Any CPU = Release|Any CPU
	EndGlobalSection
	GlobalSection(ProjectConfigurationPlatforms) = postSolution
		{4E63E803-E406-41B5-8923-FCD2F98D7F0C}.Debug|Any CPU.ActiveCfg = Debug|Any CPU
		{4E63E803-E406-41B5-8923-FCD2F98D7F0C}.Debug|Any CPU.Build.0 = Debug|Any CPU
		{4E63E803-E406-41B5-8923-FCD2F98D7F0C}.Release|Any CPU.ActiveCfg = Release|Any CPU
		{4E63E803-E406-41B5-8923-FCD2F98D7F0C}.Release|Any CPU.Build.0 = Release|Any CPU
		{3D53B7D1-E6A3-4C91-AC7C-6A0815D8C156}.Debug|Any CPU.ActiveCfg = Debug|Any CPU
		{3D53B7D1-E6A3-4C91-AC7C-6A0815D8C156}.Debug|Any CPU.Build.0 = Debug|Any CPU
		{3D53B7D1-E6A3-4C91-AC7C-6A0815D8C156}.Release|Any CPU.ActiveCfg = Release|Any CPU
		{3D53B7D1-E6A3-4C91-AC7C-6A0815D8C156}.Release|Any CPU.Build.0 = Release|Any CPU
	EndGlobalSection
	GlobalSection(SolutionProperties) = preSolution
		HideSolutionNode = FALSE
	EndGlobalSection
EndGlobal
